{
    "_meta": {
        "hash": {
            "sha256": "1eb44d74749a80120e3ecefff28a5cdd0c73e521c264c7185288e437bebcaac4"
        },
        "pipfile-spec": 6,
        "requires": {
            "python_version": "3.9"
        },
        "sources": [
            {
                "name": "pypi",
                "url": "https://pypi.org/simple",
                "verify_ssl": true
            }
        ]
    },
    "default": {
        "mistune": {
            "hashes": [
                "sha256:02437870a8d594e61e4f6cff2f56f5104d17d56e3fea5fb234070ede5e7c2eae",
                "sha256:452bdba97c27efc7c1a83823ed0d6a08a9ad6ea5c67648248509f618b68aa7d9"
            ],
            "index": "pypi",
            "version": "==2.0.0rc1"
        }
    },
    "develop": {}
}
